
Microsoft Visual Studio Solution File, Format Version 12.00
# Visual Studio Version 16
VisualStudioVersion = 16.0.29418.71
MinimumVisualStudioVersion = 10.0.40219.1
Project("{FAE04EC0-301F-11D3-BF4B-00C04F79EFBC}") = "wpf-mvvm-practice", "wpf-mvvm-practice\wpf-mvvm-practice.csproj", "{1AA246B7-8BAE-4ADF-92A0-FD32268A2C53}"
EndProject
Global
	GlobalSection(SolutionConfigurationPlatforms) = preSolution
		Debug|Any CPU = Debug|Any CPU
		Release|Any CPU = Release|Any CPU
	EndGlobalSection
	GlobalSection(ProjectConfigurationPlatforms) = postSolution
		{1AA246B7-8BAE-4ADF-92A0-FD32268A2C53}.Debug|Any CPU.ActiveCfg = Debug|Any CPU
		{1AA246B7-8BAE-4ADF-92A0-FD32268A2C53}.Debug|Any CPU.Build.0 = Debug|Any CPU
		{1AA246B7-8BAE-4ADF-92A0-FD32268A2C53}.Release|Any CPU.ActiveCfg = Release|Any CPU
		{1AA246B7-8BAE-4ADF-92A0-FD32268A2C53}.Release|Any CPU.Build.0 = Release|Any CPU
	EndGlobalSection
	GlobalSection(SolutionProperties) = preSolution
		HideSolutionNode = FALSE
	EndGlobalSection
	GlobalSection(ExtensibilityGlobals) = postSolution
		SolutionGuid = {30F64178-E4A5-417D-9391-55018CA09E6C}
	EndGlobalSection
EndGlobal
