
Microsoft Visual Studio Solution File, Format Version 12.00
# Visual Studio Version 16
VisualStudioVersion = 16.0.29418.71
MinimumVisualStudioVersion = 10.0.40219.1
Project("{FAE04EC0-301F-11D3-BF4B-00C04F79EFBC}") = "wpf-mvvm-practice", "wpf-mvvm-practice\wpf-mvvm-practice.csproj", "{1AA246B7-8BAE-4ADF-92A0-FD32268A2C53}"
EndProject
Project("{FAE04EC0-301F-11D3-BF4B-00C04F79EFBC}") = "wpf-mvvm-combobox", "wpf-mvvm-combobox\wpf-mvvm-combobox.csproj", "{4E374402-D57A-4AE9-9AC8-FE7EB1E2D861}"
EndProject
Project("{FAE04EC0-301F-11D3-BF4B-00C04F79EFBC}") = "wpf-mvvm-itemscontrol", "wpf-mvvm-itemscontrol\wpf-mvvm-itemscontrol.csproj", "{5B68BDEE-187C-4A50-81B5-77BE5AADB3B7}"
EndProject
Project("{FAE04EC0-301F-11D3-BF4B-00C04F79EFBC}") = "wpf-mvvm-datagrid", "wpf-mvvm-datagrid\wpf-mvvm-datagrid.csproj", "{01F7F705-3F5D-43CC-BD74-5C691E1EEA93}"
EndProject
Project("{FAE04EC0-301F-11D3-BF4B-00C04F79EFBC}") = "wpf-mvvm-multipleviews", "wpf-mvvm-multipleviews\wpf-mvvm-multipleviews.csproj", "{74E1C8A3-1DC1-4B01-80A5-EC61D20B6FFD}"
EndProject
Project("{FAE04EC0-301F-11D3-BF4B-00C04F79EFBC}") = "TRM-data-manager-wpf", "TRM-data-manager-wpf\TRM-data-manager-wpf.csproj", "{D473F775-7125-4749-ABF0-19E2F63F4B1D}"
EndProject
Project("{00D1A9C2-B5F0-4AF3-8072-F6C62B433612}") = "TRM-data", "TRM-data\TRM-data.sqlproj", "{B8380102-B2C3-4F10-B8E9-526E89C68714}"
EndProject
Project("{FAE04EC0-301F-11D3-BF4B-00C04F79EFBC}") = "TRM-data-manager", "TRM-data-manager\TRM-data-manager.csproj", "{142CA24D-374E-4310-981C-76A0AD1536AE}"
EndProject
Global
	GlobalSection(SolutionConfigurationPlatforms) = preSolution
		Debug|Any CPU = Debug|Any CPU
		Release|Any CPU = Release|Any CPU
	EndGlobalSection
	GlobalSection(ProjectConfigurationPlatforms) = postSolution
		{1AA246B7-8BAE-4ADF-92A0-FD32268A2C53}.Debug|Any CPU.ActiveCfg = Debug|Any CPU
		{1AA246B7-8BAE-4ADF-92A0-FD32268A2C53}.Debug|Any CPU.Build.0 = Debug|Any CPU
		{1AA246B7-8BAE-4ADF-92A0-FD32268A2C53}.Release|Any CPU.ActiveCfg = Release|Any CPU
		{1AA246B7-8BAE-4ADF-92A0-FD32268A2C53}.Release|Any CPU.Build.0 = Release|Any CPU
		{4E374402-D57A-4AE9-9AC8-FE7EB1E2D861}.Debug|Any CPU.ActiveCfg = Debug|Any CPU
		{4E374402-D57A-4AE9-9AC8-FE7EB1E2D861}.Debug|Any CPU.Build.0 = Debug|Any CPU
		{4E374402-D57A-4AE9-9AC8-FE7EB1E2D861}.Release|Any CPU.ActiveCfg = Release|Any CPU
		{4E374402-D57A-4AE9-9AC8-FE7EB1E2D861}.Release|Any CPU.Build.0 = Release|Any CPU
		{5B68BDEE-187C-4A50-81B5-77BE5AADB3B7}.Debug|Any CPU.ActiveCfg = Debug|Any CPU
		{5B68BDEE-187C-4A50-81B5-77BE5AADB3B7}.Debug|Any CPU.Build.0 = Debug|Any CPU
		{5B68BDEE-187C-4A50-81B5-77BE5AADB3B7}.Release|Any CPU.ActiveCfg = Release|Any CPU
		{5B68BDEE-187C-4A50-81B5-77BE5AADB3B7}.Release|Any CPU.Build.0 = Release|Any CPU
		{01F7F705-3F5D-43CC-BD74-5C691E1EEA93}.Debug|Any CPU.ActiveCfg = Debug|Any CPU
		{01F7F705-3F5D-43CC-BD74-5C691E1EEA93}.Debug|Any CPU.Build.0 = Debug|Any CPU
		{01F7F705-3F5D-43CC-BD74-5C691E1EEA93}.Release|Any CPU.ActiveCfg = Release|Any CPU
		{01F7F705-3F5D-43CC-BD74-5C691E1EEA93}.Release|Any CPU.Build.0 = Release|Any CPU
		{74E1C8A3-1DC1-4B01-80A5-EC61D20B6FFD}.Debug|Any CPU.ActiveCfg = Debug|Any CPU
		{74E1C8A3-1DC1-4B01-80A5-EC61D20B6FFD}.Debug|Any CPU.Build.0 = Debug|Any CPU
		{74E1C8A3-1DC1-4B01-80A5-EC61D20B6FFD}.Release|Any CPU.ActiveCfg = Release|Any CPU
		{74E1C8A3-1DC1-4B01-80A5-EC61D20B6FFD}.Release|Any CPU.Build.0 = Release|Any CPU
		{D473F775-7125-4749-ABF0-19E2F63F4B1D}.Debug|Any CPU.ActiveCfg = Debug|Any CPU
		{D473F775-7125-4749-ABF0-19E2F63F4B1D}.Debug|Any CPU.Build.0 = Debug|Any CPU
		{D473F775-7125-4749-ABF0-19E2F63F4B1D}.Release|Any CPU.ActiveCfg = Release|Any CPU
		{D473F775-7125-4749-ABF0-19E2F63F4B1D}.Release|Any CPU.Build.0 = Release|Any CPU
		{B8380102-B2C3-4F10-B8E9-526E89C68714}.Debug|Any CPU.ActiveCfg = Debug|Any CPU
		{B8380102-B2C3-4F10-B8E9-526E89C68714}.Debug|Any CPU.Build.0 = Debug|Any CPU
		{B8380102-B2C3-4F10-B8E9-526E89C68714}.Debug|Any CPU.Deploy.0 = Debug|Any CPU
		{B8380102-B2C3-4F10-B8E9-526E89C68714}.Release|Any CPU.ActiveCfg = Release|Any CPU
		{B8380102-B2C3-4F10-B8E9-526E89C68714}.Release|Any CPU.Build.0 = Release|Any CPU
		{B8380102-B2C3-4F10-B8E9-526E89C68714}.Release|Any CPU.Deploy.0 = Release|Any CPU
		{142CA24D-374E-4310-981C-76A0AD1536AE}.Debug|Any CPU.ActiveCfg = Debug|Any CPU
		{142CA24D-374E-4310-981C-76A0AD1536AE}.Debug|Any CPU.Build.0 = Debug|Any CPU
		{142CA24D-374E-4310-981C-76A0AD1536AE}.Release|Any CPU.ActiveCfg = Release|Any CPU
		{142CA24D-374E-4310-981C-76A0AD1536AE}.Release|Any CPU.Build.0 = Release|Any CPU
	EndGlobalSection
	GlobalSection(SolutionProperties) = preSolution
		HideSolutionNode = FALSE
	EndGlobalSection
	GlobalSection(ExtensibilityGlobals) = postSolution
		SolutionGuid = {30F64178-E4A5-417D-9391-55018CA09E6C}
	EndGlobalSection
EndGlobal
